
Microsoft Visual Studio Solution File, Format Version 12.00
# Visual Studio 15
VisualStudioVersion = 15.0.27703.2026
MinimumVisualStudioVersion = 10.0.40219.1
Project("{2150E333-8FDC-42A3-9474-1A3956D46DE8}") = "ePMSArch.Application", "ePMSArch.Application", "{D6F5814F-3DDE-402F-B0EF-A3BC5DE9573A}"
EndProject
Project("{2150E333-8FDC-42A3-9474-1A3956D46DE8}") = "ePMSArch.Domain", "ePMSArch.Domain", "{14E7ED22-59DF-48D0-8C48-CD3812DE1C9F}"
EndProject
Project("{2150E333-8FDC-42A3-9474-1A3956D46DE8}") = "ePMSArch.Infra.IoC", "ePMSArch.Infra.IoC", "{57F7464C-2C40-4B11-A491-7EE268369CB7}"
EndProject
Project("{2150E333-8FDC-42A3-9474-1A3956D46DE8}") = "ePMSArch.UI.Mvc", "ePMSArch.UI.Mvc", "{C807D36E-6A66-4EB5-B1F1-B387590FBAE9}"
EndProject
Project("{2150E333-8FDC-42A3-9474-1A3956D46DE8}") = "ePMSArch.Infra.Data", "ePMSArch.Infra.Data", "{5901BCA0-820F-4DE2-8D64-D3D74FD49311}"
EndProject
Project("{9A19103F-16F7-4668-BE54-9A1E7A4F7556}") = "ePMSLease", "ePMSLease\ePMSLease.csproj", "{78D46CCB-B66F-49CA-AB76-1ED8F22AE303}"
EndProject
Project("{FAE04EC0-301F-11D3-BF4B-00C04F79EFBC}") = "Domain", "Domain\Domain.csproj", "{511D03C0-761A-4D0E-AA3B-A4DF7D7EF1FE}"
EndProject
Global
	GlobalSection(SolutionConfigurationPlatforms) = preSolution
		Debug|Any CPU = Debug|Any CPU
		Release|Any CPU = Release|Any CPU
	EndGlobalSection
	GlobalSection(ProjectConfigurationPlatforms) = postSolution
		{78D46CCB-B66F-49CA-AB76-1ED8F22AE303}.Debug|Any CPU.ActiveCfg = Debug|Any CPU
		{78D46CCB-B66F-49CA-AB76-1ED8F22AE303}.Debug|Any CPU.Build.0 = Debug|Any CPU
		{78D46CCB-B66F-49CA-AB76-1ED8F22AE303}.Release|Any CPU.ActiveCfg = Release|Any CPU
		{78D46CCB-B66F-49CA-AB76-1ED8F22AE303}.Release|Any CPU.Build.0 = Release|Any CPU
		{511D03C0-761A-4D0E-AA3B-A4DF7D7EF1FE}.Debug|Any CPU.ActiveCfg = Debug|Any CPU
		{511D03C0-761A-4D0E-AA3B-A4DF7D7EF1FE}.Debug|Any CPU.Build.0 = Debug|Any CPU
		{511D03C0-761A-4D0E-AA3B-A4DF7D7EF1FE}.Release|Any CPU.ActiveCfg = Release|Any CPU
		{511D03C0-761A-4D0E-AA3B-A4DF7D7EF1FE}.Release|Any CPU.Build.0 = Release|Any CPU
	EndGlobalSection
	GlobalSection(SolutionProperties) = preSolution
		HideSolutionNode = FALSE
	EndGlobalSection
	GlobalSection(NestedProjects) = preSolution
		{78D46CCB-B66F-49CA-AB76-1ED8F22AE303} = {C807D36E-6A66-4EB5-B1F1-B387590FBAE9}
		{511D03C0-761A-4D0E-AA3B-A4DF7D7EF1FE} = {14E7ED22-59DF-48D0-8C48-CD3812DE1C9F}
	EndGlobalSection
	GlobalSection(ExtensibilityGlobals) = postSolution
		SolutionGuid = {D90DADC5-3A15-4BC1-A16A-96DEC90FCB3C}
	EndGlobalSection
EndGlobal
